{
  "name": "bloodbond",
  "lockfileVersion": 2,
  "requires": true,
  "packages": {
    "": {
      "dependencies": {
        "@sentry/node": "^7.61.0",
        "@sentry/tracing": "^7.61.0"
      }
    },
    "node_modules/@sentry-internal/tracing": {
      "version": "7.61.0",
      "resolved": "https://registry.npmjs.org/@sentry-internal/tracing/-/tracing-7.61.0.tgz",
      "integrity": "sha512-zTr+MXEG4SxNxif42LIgm2RQn+JRXL2NuGhRaKSD2i4lXKFqHVGlVdoWqY5UfqnnJPokiTWIj9ejR8I5HV8Ogw==",
      "dependencies": {
        "@sentry/core": "7.61.0",
        "@sentry/types": "7.61.0",
        "@sentry/utils": "7.61.0",
        "tslib": "^2.4.1 || ^1.9.3"
      },
      "engines": {
        "node": ">=8"
      }
    },
    "node_modules/@sentry/core": {
      "version": "7.61.0",
      "resolved": "https://registry.npmjs.org/@sentry/core/-/core-7.61.0.tgz",
      "integrity": "sha512-zl0ZKRjIoYJQWYTd3K/U6zZfS4GDY9yGd2EH4vuYO4kfYtEp/nJ8A+tfAeDo0c9FGxZ0Q+5t5F4/SfwbgyyQzg==",
      "dependencies": {
        "@sentry/types": "7.61.0",
        "@sentry/utils": "7.61.0",
        "tslib": "^2.4.1 || ^1.9.3"
      },
      "engines": {
        "node": ">=8"
      }
    },
    "node_modules/@sentry/node": {
      "version": "7.61.0",
      "resolved": "https://registry.npmjs.org/@sentry/node/-/node-7.61.0.tgz",
      "integrity": "sha512-oTCqD/h92uvbRCrtCdiAqN6Mfe3vF7ywVHZ8Nq3hHmJp6XadUT+fCBwNQ7rjMyqJAOYAnx/vp6iN9n8C5qcYZQ==",
      "dependencies": {
        "@sentry-internal/tracing": "7.61.0",
        "@sentry/core": "7.61.0",
        "@sentry/types": "7.61.0",
        "@sentry/utils": "7.61.0",
        "cookie": "^0.4.1",
        "https-proxy-agent": "^5.0.0",
        "lru_map": "^0.3.3",
        "tslib": "^2.4.1 || ^1.9.3"
      },
      "engines": {
        "node": ">=8"
      }
    },
    "node_modules/@sentry/tracing": {
      "version": "7.61.0",
      "resolved": "https://registry.npmjs.org/@sentry/tracing/-/tracing-7.61.0.tgz",
      "integrity": "sha512-asGbw3n04qkM5zUCPlGg9i52GEHq9Nmore38SJFN0L4N/YH6EPJLEUfNm2jFvXWCo96kq/dPKnyjOEuPccwhIA==",
      "dependencies": {
        "@sentry-internal/tracing": "7.61.0"
      },
      "engines": {
        "node": ">=8"
      }
    },
    "node_modules/@sentry/types": {
      "version": "7.61.0",
      "resolved": "https://registry.npmjs.org/@sentry/types/-/types-7.61.0.tgz",
      "integrity": "sha512-/GLlIBNR35NKPE/SfWi9W10dK9hE8qTShzsuPVn5wAJxpT3Lb4+dkwmKCTLUYxdkmvRDEudkfOxgalsfQGTAWA==",
      "engines": {
        "node": ">=8"
      }
    },
    "node_modules/@sentry/utils": {
      "version": "7.61.0",
      "resolved": "https://registry.npmjs.org/@sentry/utils/-/utils-7.61.0.tgz",
      "integrity": "sha512-jfj14d0XBFiCU0G6dZZ12SizATiF5Mt4stBGzkM5iS9nXFj8rh1oTT7/p+aZoYzP2JTF+sDzkNjWxyKZkcTo0Q==",
      "dependencies": {
        "@sentry/types": "7.61.0",
        "tslib": "^2.4.1 || ^1.9.3"
      },
      "engines": {
        "node": ">=8"
      }
    },
    "node_modules/agent-base": {
      "version": "6.0.2",
      "resolved": "https://registry.npmjs.org/agent-base/-/agent-base-6.0.2.tgz",
      "integrity": "sha512-RZNwNclF7+MS/8bDg70amg32dyeZGZxiDuQmZxKLAlQjr3jGyLx+4Kkk58UO7D2QdgFIQCovuSuZESne6RG6XQ==",
      "dependencies": {
        "debug": "4"
      },
      "engines": {
        "node": ">= 6.0.0"
      }
    },
    "node_modules/cookie": {
      "version": "0.4.2",
      "resolved": "https://registry.npmjs.org/cookie/-/cookie-0.4.2.tgz",
      "integrity": "sha512-aSWTXFzaKWkvHO1Ny/s+ePFpvKsPnjc551iI41v3ny/ow6tBG5Vd+FuqGNhh1LxOmVzOlGUriIlOaokOvhaStA==",
      "engines": {
        "node": ">= 0.6"
      }
    },
    "node_modules/debug": {
      "version": "4.3.4",
      "resolved": "https://registry.npmjs.org/debug/-/debug-4.3.4.tgz",
      "integrity": "sha512-PRWFHuSU3eDtQJPvnNY7Jcket1j0t5OuOsFzPPzsekD52Zl8qUfFIPEiswXqIvHWGVHOgX+7G/vCNNhehwxfkQ==",
      "dependencies": {
        "ms": "2.1.2"
      },
      "engines": {
        "node": ">=6.0"
      },
      "peerDependenciesMeta": {
        "supports-color": {
          "optional": true
        }
      }
    },
    "node_modules/https-proxy-agent": {
      "version": "5.0.1",
      "resolved": "https://registry.npmjs.org/https-proxy-agent/-/https-proxy-agent-5.0.1.tgz",
      "integrity": "sha512-dFcAjpTQFgoLMzC2VwU+C/CbS7uRL0lWmxDITmqm7C+7F0Odmj6s9l6alZc6AELXhrnggM2CeWSXHGOdX2YtwA==",
      "dependencies": {
        "agent-base": "6",
        "debug": "4"
      },
      "engines": {
        "node": ">= 6"
      }
    },
    "node_modules/lru_map": {
      "version": "0.3.3",
      "resolved": "https://registry.npmjs.org/lru_map/-/lru_map-0.3.3.tgz",
      "integrity": "sha512-Pn9cox5CsMYngeDbmChANltQl+5pi6XmTrraMSzhPmMBbmgcxmqWry0U3PGapCU1yB4/LqCcom7qhHZiF/jGfQ=="
    },
    "node_modules/ms": {
      "version": "2.1.2",
      "resolved": "https://registry.npmjs.org/ms/-/ms-2.1.2.tgz",
      "integrity": "sha512-sGkPx+VjMtmA6MX27oA4FBFELFCZZ4S4XqeGOXCv68tT+jb3vk/RyaKWP0PTKyWtmLSM0b+adUTEvbs1PEaH2w=="
    },
    "node_modules/tslib": {
      "version": "2.6.1",
      "resolved": "https://registry.npmjs.org/tslib/-/tslib-2.6.1.tgz",
      "integrity": "sha512-t0hLfiEKfMUoqhG+U1oid7Pva4bbDPHYfJNiB7BiIjRkj1pyC++4N3huJfqY6aRH6VTB0rvtzQwjM4K6qpfOig=="
    }
  },
  "dependencies": {
    "@sentry-internal/tracing": {
      "version": "7.61.0",
      "resolved": "https://registry.npmjs.org/@sentry-internal/tracing/-/tracing-7.61.0.tgz",
      "integrity": "sha512-zTr+MXEG4SxNxif42LIgm2RQn+JRXL2NuGhRaKSD2i4lXKFqHVGlVdoWqY5UfqnnJPokiTWIj9ejR8I5HV8Ogw==",
      "requires": {
        "@sentry/core": "7.61.0",
        "@sentry/types": "7.61.0",
        "@sentry/utils": "7.61.0",
        "tslib": "^2.4.1 || ^1.9.3"
      }
    },
    "@sentry/core": {
      "version": "7.61.0",
      "resolved": "https://registry.npmjs.org/@sentry/core/-/core-7.61.0.tgz",
      "integrity": "sha512-zl0ZKRjIoYJQWYTd3K/U6zZfS4GDY9yGd2EH4vuYO4kfYtEp/nJ8A+tfAeDo0c9FGxZ0Q+5t5F4/SfwbgyyQzg==",
      "requires": {
        "@sentry/types": "7.61.0",
        "@sentry/utils": "7.61.0",
        "tslib": "^2.4.1 || ^1.9.3"
      }
    },
    "@sentry/node": {
      "version": "7.61.0",
      "resolved": "https://registry.npmjs.org/@sentry/node/-/node-7.61.0.tgz",
      "integrity": "sha512-oTCqD/h92uvbRCrtCdiAqN6Mfe3vF7ywVHZ8Nq3hHmJp6XadUT+fCBwNQ7rjMyqJAOYAnx/vp6iN9n8C5qcYZQ==",
      "requires": {
        "@sentry-internal/tracing": "7.61.0",
        "@sentry/core": "7.61.0",
        "@sentry/types": "7.61.0",
        "@sentry/utils": "7.61.0",
        "cookie": "^0.4.1",
        "https-proxy-agent": "^5.0.0",
        "lru_map": "^0.3.3",
        "tslib": "^2.4.1 || ^1.9.3"
      }
    },
    "@sentry/tracing": {
      "version": "7.61.0",
      "resolved": "https://registry.npmjs.org/@sentry/tracing/-/tracing-7.61.0.tgz",
      "integrity": "sha512-asGbw3n04qkM5zUCPlGg9i52GEHq9Nmore38SJFN0L4N/YH6EPJLEUfNm2jFvXWCo96kq/dPKnyjOEuPccwhIA==",
      "requires": {
        "@sentry-internal/tracing": "7.61.0"
      }
    },
    "@sentry/types": {
      "version": "7.61.0",
      "resolved": "https://registry.npmjs.org/@sentry/types/-/types-7.61.0.tgz",
      "integrity": "sha512-/GLlIBNR35NKPE/SfWi9W10dK9hE8qTShzsuPVn5wAJxpT3Lb4+dkwmKCTLUYxdkmvRDEudkfOxgalsfQGTAWA=="
    },
    "@sentry/utils": {
      "version": "7.61.0",
      "resolved": "https://registry.npmjs.org/@sentry/utils/-/utils-7.61.0.tgz",
      "integrity": "sha512-jfj14d0XBFiCU0G6dZZ12SizATiF5Mt4stBGzkM5iS9nXFj8rh1oTT7/p+aZoYzP2JTF+sDzkNjWxyKZkcTo0Q==",
      "requires": {
        "@sentry/types": "7.61.0",
        "tslib": "^2.4.1 || ^1.9.3"
      }
    },
    "agent-base": {
      "version": "6.0.2",
      "resolved": "https://registry.npmjs.org/agent-base/-/agent-base-6.0.2.tgz",
      "integrity": "sha512-RZNwNclF7+MS/8bDg70amg32dyeZGZxiDuQmZxKLAlQjr3jGyLx+4Kkk58UO7D2QdgFIQCovuSuZESne6RG6XQ==",
      "requires": {
        "debug": "4"
      }
    },
    "cookie": {
      "version": "0.4.2",
      "resolved": "https://registry.npmjs.org/cookie/-/cookie-0.4.2.tgz",
      "integrity": "sha512-aSWTXFzaKWkvHO1Ny/s+ePFpvKsPnjc551iI41v3ny/ow6tBG5Vd+FuqGNhh1LxOmVzOlGUriIlOaokOvhaStA=="
    },
    "debug": {
      "version": "4.3.4",
      "resolved": "https://registry.npmjs.org/debug/-/debug-4.3.4.tgz",
      "integrity": "sha512-PRWFHuSU3eDtQJPvnNY7Jcket1j0t5OuOsFzPPzsekD52Zl8qUfFIPEiswXqIvHWGVHOgX+7G/vCNNhehwxfkQ==",
      "requires": {
        "ms": "2.1.2"
      }
    },
    "https-proxy-agent": {
      "version": "5.0.1",
      "resolved": "https://registry.npmjs.org/https-proxy-agent/-/https-proxy-agent-5.0.1.tgz",
      "integrity": "sha512-dFcAjpTQFgoLMzC2VwU+C/CbS7uRL0lWmxDITmqm7C+7F0Odmj6s9l6alZc6AELXhrnggM2CeWSXHGOdX2YtwA==",
      "requires": {
        "agent-base": "6",
        "debug": "4"
      }
    },
    "lru_map": {
      "version": "0.3.3",
      "resolved": "https://registry.npmjs.org/lru_map/-/lru_map-0.3.3.tgz",
      "integrity": "sha512-Pn9cox5CsMYngeDbmChANltQl+5pi6XmTrraMSzhPmMBbmgcxmqWry0U3PGapCU1yB4/LqCcom7qhHZiF/jGfQ=="
    },
    "ms": {
      "version": "2.1.2",
      "resolved": "https://registry.npmjs.org/ms/-/ms-2.1.2.tgz",
      "integrity": "sha512-sGkPx+VjMtmA6MX27oA4FBFELFCZZ4S4XqeGOXCv68tT+jb3vk/RyaKWP0PTKyWtmLSM0b+adUTEvbs1PEaH2w=="
    },
    "tslib": {
      "version": "2.6.1",
      "resolved": "https://registry.npmjs.org/tslib/-/tslib-2.6.1.tgz",
      "integrity": "sha512-t0hLfiEKfMUoqhG+U1oid7Pva4bbDPHYfJNiB7BiIjRkj1pyC++4N3huJfqY6aRH6VTB0rvtzQwjM4K6qpfOig=="
    }
  }
}
